// !$*UTF8*$!
{
	archiveVersion = 1;
	classes = {
	};
	objectVersion = 56;
	objects = {

/* Begin PBXBuildFile section */
		1636363429C5E56000BCFC29 /* ProtoDMApp.swift in Sources */ = {isa = PBXBuildFile; fileRef = 1636363329C5E56000BCFC29 /* ProtoDMApp.swift */; };
		1636363629C5E56000BCFC29 /* ContentView.swift in Sources */ = {isa = PBXBuildFile; fileRef = 1636363529C5E56000BCFC29 /* ContentView.swift */; };
		1636363829C5E56800BCFC29 /* Assets.xcassets in Resources */ = {isa = PBXBuildFile; fileRef = 1636363729C5E56800BCFC29 /* Assets.xcassets */; };
		1636363C29C5E56800BCFC29 /* Preview Assets.xcassets in Resources */ = {isa = PBXBuildFile; fileRef = 1636363B29C5E56800BCFC29 /* Preview Assets.xcassets */; };
		164E721429C5E8AA00AE7699 /* Main.xcdatamodeld in Sources */ = {isa = PBXBuildFile; fileRef = 164E721229C5E8AA00AE7699 /* Main.xcdatamodeld */; };
		16C9DE8629C610BD001A882F /* DataController.swift in Sources */ = {isa = PBXBuildFile; fileRef = 16C9DE8529C610BD001A882F /* DataController.swift */; };
		16C9DE8A29C706E7001A882F /* SideBarView.swift in Sources */ = {isa = PBXBuildFile; fileRef = 16C9DE8929C706E7001A882F /* SideBarView.swift */; };
		16C9DE8C29C70728001A882F /* DetailView.swift in Sources */ = {isa = PBXBuildFile; fileRef = 16C9DE8B29C70728001A882F /* DetailView.swift */; };
		16C9DE8E29C70B53001A882F /* Filter.swift in Sources */ = {isa = PBXBuildFile; fileRef = 16C9DE8D29C70B53001A882F /* Filter.swift */; };
		16C9DE9029C73094001A882F /* Issue-CoreDataHelpers.swift in Sources */ = {isa = PBXBuildFile; fileRef = 16C9DE8F29C73094001A882F /* Issue-CoreDataHelpers.swift */; };
		16C9DE9229C7322E001A882F /* Tag-CoreDataHelpers.swift in Sources */ = {isa = PBXBuildFile; fileRef = 16C9DE9129C7322E001A882F /* Tag-CoreDataHelpers.swift */; };
		16C9DE9429C85DDF001A882F /* IssueRow.swift in Sources */ = {isa = PBXBuildFile; fileRef = 16C9DE9329C85DDF001A882F /* IssueRow.swift */; };
		16C9DE9629C9AAD1001A882F /* NoIssueView.swift in Sources */ = {isa = PBXBuildFile; fileRef = 16C9DE9529C9AAD1001A882F /* NoIssueView.swift */; };
		16C9DE9829C9ACE0001A882F /* IssueView.swift in Sources */ = {isa = PBXBuildFile; fileRef = 16C9DE9729C9ACE0001A882F /* IssueView.swift */; };
/* End PBXBuildFile section */

/* Begin PBXFileReference section */
		1636363029C5E56000BCFC29 /* ProtoDM.app */ = {isa = PBXFileReference; explicitFileType = wrapper.application; includeInIndex = 0; path = ProtoDM.app; sourceTree = BUILT_PRODUCTS_DIR; };
		1636363329C5E56000BCFC29 /* ProtoDMApp.swift */ = {isa = PBXFileReference; lastKnownFileType = sourcecode.swift; path = ProtoDMApp.swift; sourceTree = "<group>"; };
		1636363529C5E56000BCFC29 /* ContentView.swift */ = {isa = PBXFileReference; lastKnownFileType = sourcecode.swift; path = ContentView.swift; sourceTree = "<group>"; };
		1636363729C5E56800BCFC29 /* Assets.xcassets */ = {isa = PBXFileReference; lastKnownFileType = folder.assetcatalog; path = Assets.xcassets; sourceTree = "<group>"; };
		1636363929C5E56800BCFC29 /* ProtoDM.entitlements */ = {isa = PBXFileReference; lastKnownFileType = text.plist.entitlements; path = ProtoDM.entitlements; sourceTree = "<group>"; };
		1636363B29C5E56800BCFC29 /* Preview Assets.xcassets */ = {isa = PBXFileReference; lastKnownFileType = folder.assetcatalog; path = "Preview Assets.xcassets"; sourceTree = "<group>"; };
		164E721329C5E8AA00AE7699 /* Main.xcdatamodel */ = {isa = PBXFileReference; lastKnownFileType = wrapper.xcdatamodel; path = Main.xcdatamodel; sourceTree = "<group>"; };
		16C9DE8529C610BD001A882F /* DataController.swift */ = {isa = PBXFileReference; lastKnownFileType = sourcecode.swift; path = DataController.swift; sourceTree = "<group>"; };
		16C9DE8829C6FB02001A882F /* Info.plist */ = {isa = PBXFileReference; lastKnownFileType = text.plist; path = Info.plist; sourceTree = "<group>"; };
		16C9DE8929C706E7001A882F /* SideBarView.swift */ = {isa = PBXFileReference; lastKnownFileType = sourcecode.swift; path = SideBarView.swift; sourceTree = "<group>"; };
		16C9DE8B29C70728001A882F /* DetailView.swift */ = {isa = PBXFileReference; lastKnownFileType = sourcecode.swift; path = DetailView.swift; sourceTree = "<group>"; };
		16C9DE8D29C70B53001A882F /* Filter.swift */ = {isa = PBXFileReference; lastKnownFileType = sourcecode.swift; path = Filter.swift; sourceTree = "<group>"; };
		16C9DE8F29C73094001A882F /* Issue-CoreDataHelpers.swift */ = {isa = PBXFileReference; lastKnownFileType = sourcecode.swift; path = "Issue-CoreDataHelpers.swift"; sourceTree = "<group>"; };
		16C9DE9129C7322E001A882F /* Tag-CoreDataHelpers.swift */ = {isa = PBXFileReference; lastKnownFileType = sourcecode.swift; path = "Tag-CoreDataHelpers.swift"; sourceTree = "<group>"; };
		16C9DE9329C85DDF001A882F /* IssueRow.swift */ = {isa = PBXFileReference; lastKnownFileType = sourcecode.swift; path = IssueRow.swift; sourceTree = "<group>"; };
		16C9DE9529C9AAD1001A882F /* NoIssueView.swift */ = {isa = PBXFileReference; lastKnownFileType = sourcecode.swift; path = NoIssueView.swift; sourceTree = "<group>"; };
		16C9DE9729C9ACE0001A882F /* IssueView.swift */ = {isa = PBXFileReference; lastKnownFileType = sourcecode.swift; path = IssueView.swift; sourceTree = "<group>"; };
/* End PBXFileReference section */

/* Begin PBXFrameworksBuildPhase section */
		1636362D29C5E56000BCFC29 /* Frameworks */ = {
			isa = PBXFrameworksBuildPhase;
			buildActionMask = 2147483647;
			files = (
			);
			runOnlyForDeploymentPostprocessing = 0;
		};
/* End PBXFrameworksBuildPhase section */

/* Begin PBXGroup section */
		1636362729C5E56000BCFC29 = {
			isa = PBXGroup;
			children = (
				1636363229C5E56000BCFC29 /* ProtoDM */,
				1636363129C5E56000BCFC29 /* Products */,
			);
			sourceTree = "<group>";
		};
		1636363129C5E56000BCFC29 /* Products */ = {
			isa = PBXGroup;
			children = (
				1636363029C5E56000BCFC29 /* ProtoDM.app */,
			);
			name = Products;
			sourceTree = "<group>";
		};
		1636363229C5E56000BCFC29 /* ProtoDM */ = {
			isa = PBXGroup;
			children = (
				16C9DE8829C6FB02001A882F /* Info.plist */,
				1636363329C5E56000BCFC29 /* ProtoDMApp.swift */,
				1636363529C5E56000BCFC29 /* ContentView.swift */,
				16C9DE9729C9ACE0001A882F /* IssueView.swift */,
				16C9DE9329C85DDF001A882F /* IssueRow.swift */,
				16C9DE8929C706E7001A882F /* SideBarView.swift */,
				16C9DE8F29C73094001A882F /* Issue-CoreDataHelpers.swift */,
				16C9DE9129C7322E001A882F /* Tag-CoreDataHelpers.swift */,
				16C9DE8B29C70728001A882F /* DetailView.swift */,
				16C9DE8D29C70B53001A882F /* Filter.swift */,
				16C9DE8529C610BD001A882F /* DataController.swift */,
				16C9DE9529C9AAD1001A882F /* NoIssueView.swift */,
				164E721229C5E8AA00AE7699 /* Main.xcdatamodeld */,
				1636363729C5E56800BCFC29 /* Assets.xcassets */,
				1636363929C5E56800BCFC29 /* ProtoDM.entitlements */,
				1636363A29C5E56800BCFC29 /* Preview Content */,
			);
			path = ProtoDM;
			sourceTree = "<group>";
		};
		1636363A29C5E56800BCFC29 /* Preview Content */ = {
			isa = PBXGroup;
			children = (
				1636363B29C5E56800BCFC29 /* Preview Assets.xcassets */,
			);
			path = "Preview Content";
			sourceTree = "<group>";
		};
/* End PBXGroup section */

/* Begin PBXNativeTarget section */
		1636362F29C5E56000BCFC29 /* ProtoDM */ = {
			isa = PBXNativeTarget;
			buildConfigurationList = 1636363F29C5E56800BCFC29 /* Build configuration list for PBXNativeTarget "ProtoDM" */;
			buildPhases = (
				1636362C29C5E56000BCFC29 /* Sources */,
				1636362D29C5E56000BCFC29 /* Frameworks */,
				1636362E29C5E56000BCFC29 /* Resources */,
			);
			buildRules = (
			);
			dependencies = (
			);
			name = ProtoDM;
			productName = ProtoDM;
			productReference = 1636363029C5E56000BCFC29 /* ProtoDM.app */;
			productType = "com.apple.product-type.application";
		};
/* End PBXNativeTarget section */

/* Begin PBXProject section */
		1636362829C5E56000BCFC29 /* Project object */ = {
			isa = PBXProject;
			attributes = {
				BuildIndependentTargetsInParallel = 1;
				LastSwiftUpdateCheck = 1420;
				LastUpgradeCheck = 1420;
				TargetAttributes = {
					1636362F29C5E56000BCFC29 = {
						CreatedOnToolsVersion = 14.2;
					};
				};
			};
			buildConfigurationList = 1636362B29C5E56000BCFC29 /* Build configuration list for PBXProject "ProtoDM" */;
			compatibilityVersion = "Xcode 14.0";
			developmentRegion = en;
			hasScannedForEncodings = 0;
			knownRegions = (
				en,
				Base,
			);
			mainGroup = 1636362729C5E56000BCFC29;
			productRefGroup = 1636363129C5E56000BCFC29 /* Products */;
			projectDirPath = "";
			projectRoot = "";
			targets = (
				1636362F29C5E56000BCFC29 /* ProtoDM */,
			);
		};
/* End PBXProject section */

/* Begin PBXResourcesBuildPhase section */
		1636362E29C5E56000BCFC29 /* Resources */ = {
			isa = PBXResourcesBuildPhase;
			buildActionMask = 2147483647;
			files = (
				1636363C29C5E56800BCFC29 /* Preview Assets.xcassets in Resources */,
				1636363829C5E56800BCFC29 /* Assets.xcassets in Resources */,
			);
			runOnlyForDeploymentPostprocessing = 0;
		};
/* End PBXResourcesBuildPhase section */

/* Begin PBXSourcesBuildPhase section */
		1636362C29C5E56000BCFC29 /* Sources */ = {
			isa = PBXSourcesBuildPhase;
			buildActionMask = 2147483647;
			files = (
				16C9DE8E29C70B53001A882F /* Filter.swift in Sources */,
				16C9DE9229C7322E001A882F /* Tag-CoreDataHelpers.swift in Sources */,
				16C9DE9629C9AAD1001A882F /* NoIssueView.swift in Sources */,
				164E721429C5E8AA00AE7699 /* Main.xcdatamodeld in Sources */,
				16C9DE9029C73094001A882F /* Issue-CoreDataHelpers.swift in Sources */,
				16C9DE8C29C70728001A882F /* DetailView.swift in Sources */,
				16C9DE8629C610BD001A882F /* DataController.swift in Sources */,
				1636363629C5E56000BCFC29 /* ContentView.swift in Sources */,
				16C9DE8A29C706E7001A882F /* SideBarView.swift in Sources */,
				16C9DE9429C85DDF001A882F /* IssueRow.swift in Sources */,
				16C9DE9829C9ACE0001A882F /* IssueView.swift in Sources */,
				1636363429C5E56000BCFC29 /* ProtoDMApp.swift in Sources */,
			);
			runOnlyForDeploymentPostprocessing = 0;
		};
/* End PBXSourcesBuildPhase section */

/* Begin XCBuildConfiguration section */
		1636363D29C5E56800BCFC29 /* Debug */ = {
			isa = XCBuildConfiguration;
			buildSettings = {
				ALWAYS_SEARCH_USER_PATHS = NO;
				CLANG_ANALYZER_NONNULL = YES;
				CLANG_ANALYZER_NUMBER_OBJECT_CONVERSION = YES_AGGRESSIVE;
				CLANG_CXX_LANGUAGE_STANDARD = "gnu++20";
				CLANG_ENABLE_MODULES = YES;
				CLANG_ENABLE_OBJC_ARC = YES;
				CLANG_ENABLE_OBJC_WEAK = YES;
				CLANG_WARN_BLOCK_CAPTURE_AUTORELEASING = YES;
				CLANG_WARN_BOOL_CONVERSION = YES;
				CLANG_WARN_COMMA = YES;
				CLANG_WARN_CONSTANT_CONVERSION = YES;
				CLANG_WARN_DEPRECATED_OBJC_IMPLEMENTATIONS = YES;
				CLANG_WARN_DIRECT_OBJC_ISA_USAGE = YES_ERROR;
				CLANG_WARN_DOCUMENTATION_COMMENTS = YES;
				CLANG_WARN_EMPTY_BODY = YES;
				CLANG_WARN_ENUM_CONVERSION = YES;
				CLANG_WARN_INFINITE_RECURSION = YES;
				CLANG_WARN_INT_CONVERSION = YES;
				CLANG_WARN_NON_LITERAL_NULL_CONVERSION = YES;
				CLANG_WARN_OBJC_IMPLICIT_RETAIN_SELF = YES;
				CLANG_WARN_OBJC_LITERAL_CONVERSION = YES;
				CLANG_WARN_OBJC_ROOT_CLASS = YES_ERROR;
				CLANG_WARN_QUOTED_INCLUDE_IN_FRAMEWORK_HEADER = YES;
				CLANG_WARN_RANGE_LOOP_ANALYSIS = YES;
				CLANG_WARN_STRICT_PROTOTYPES = YES;
				CLANG_WARN_SUSPICIOUS_MOVE = YES;
				CLANG_WARN_UNGUARDED_AVAILABILITY = YES_AGGRESSIVE;
				CLANG_WARN_UNREACHABLE_CODE = YES;
				CLANG_WARN__DUPLICATE_METHOD_MATCH = YES;
				COPY_PHASE_STRIP = NO;
				DEBUG_INFORMATION_FORMAT = dwarf;
				ENABLE_STRICT_OBJC_MSGSEND = YES;
				ENABLE_TESTABILITY = YES;
				GCC_C_LANGUAGE_STANDARD = gnu11;
				GCC_DYNAMIC_NO_PIC = NO;
				GCC_NO_COMMON_BLOCKS = YES;
				GCC_OPTIMIZATION_LEVEL = 0;
				GCC_PREPROCESSOR_DEFINITIONS = (
					"DEBUG=1",
					"$(inherited)",
				);
				GCC_WARN_64_TO_32_BIT_CONVERSION = YES;
				GCC_WARN_ABOUT_RETURN_TYPE = YES_ERROR;
				GCC_WARN_UNDECLARED_SELECTOR = YES;
				GCC_WARN_UNINITIALIZED_AUTOS = YES_AGGRESSIVE;
				GCC_WARN_UNUSED_FUNCTION = YES;
				GCC_WARN_UNUSED_VARIABLE = YES;
				MTL_ENABLE_DEBUG_INFO = INCLUDE_SOURCE;
				MTL_FAST_MATH = YES;
				ONLY_ACTIVE_ARCH = YES;
				SWIFT_ACTIVE_COMPILATION_CONDITIONS = DEBUG;
				SWIFT_OPTIMIZATION_LEVEL = "-Onone";
			};
			name = Debug;
		};
		1636363E29C5E56800BCFC29 /* Release */ = {
			isa = XCBuildConfiguration;
			buildSettings = {
				ALWAYS_SEARCH_USER_PATHS = NO;
				CLANG_ANALYZER_NONNULL = YES;
				CLANG_ANALYZER_NUMBER_OBJECT_CONVERSION = YES_AGGRESSIVE;
				CLANG_CXX_LANGUAGE_STANDARD = "gnu++20";
				CLANG_ENABLE_MODULES = YES;
				CLANG_ENABLE_OBJC_ARC = YES;
				CLANG_ENABLE_OBJC_WEAK = YES;
				CLANG_WARN_BLOCK_CAPTURE_AUTORELEASING = YES;
				CLANG_WARN_BOOL_CONVERSION = YES;
				CLANG_WARN_COMMA = YES;
				CLANG_WARN_CONSTANT_CONVERSION = YES;
				CLANG_WARN_DEPRECATED_OBJC_IMPLEMENTATIONS = YES;
				CLANG_WARN_DIRECT_OBJC_ISA_USAGE = YES_ERROR;
				CLANG_WARN_DOCUMENTATION_COMMENTS = YES;
				CLANG_WARN_EMPTY_BODY = YES;
				CLANG_WARN_ENUM_CONVERSION = YES;
				CLANG_WARN_INFINITE_RECURSION = YES;
				CLANG_WARN_INT_CONVERSION = YES;
				CLANG_WARN_NON_LITERAL_NULL_CONVERSION = YES;
				CLANG_WARN_OBJC_IMPLICIT_RETAIN_SELF = YES;
				CLANG_WARN_OBJC_LITERAL_CONVERSION = YES;
				CLANG_WARN_OBJC_ROOT_CLASS = YES_ERROR;
				CLANG_WARN_QUOTED_INCLUDE_IN_FRAMEWORK_HEADER = YES;
				CLANG_WARN_RANGE_LOOP_ANALYSIS = YES;
				CLANG_WARN_STRICT_PROTOTYPES = YES;
				CLANG_WARN_SUSPICIOUS_MOVE = YES;
				CLANG_WARN_UNGUARDED_AVAILABILITY = YES_AGGRESSIVE;
				CLANG_WARN_UNREACHABLE_CODE = YES;
				CLANG_WARN__DUPLICATE_METHOD_MATCH = YES;
				COPY_PHASE_STRIP = NO;
				DEBUG_INFORMATION_FORMAT = "dwarf-with-dsym";
				ENABLE_NS_ASSERTIONS = NO;
				ENABLE_STRICT_OBJC_MSGSEND = YES;
				GCC_C_LANGUAGE_STANDARD = gnu11;
				GCC_NO_COMMON_BLOCKS = YES;
				GCC_WARN_64_TO_32_BIT_CONVERSION = YES;
				GCC_WARN_ABOUT_RETURN_TYPE = YES_ERROR;
				GCC_WARN_UNDECLARED_SELECTOR = YES;
				GCC_WARN_UNINITIALIZED_AUTOS = YES_AGGRESSIVE;
				GCC_WARN_UNUSED_FUNCTION = YES;
				GCC_WARN_UNUSED_VARIABLE = YES;
				MTL_ENABLE_DEBUG_INFO = NO;
				MTL_FAST_MATH = YES;
				SWIFT_COMPILATION_MODE = wholemodule;
				SWIFT_OPTIMIZATION_LEVEL = "-O";
			};
			name = Release;
		};
		1636364029C5E56800BCFC29 /* Debug */ = {
			isa = XCBuildConfiguration;
			buildSettings = {
				ASSETCATALOG_COMPILER_APPICON_NAME = AppIcon;
				ASSETCATALOG_COMPILER_GLOBAL_ACCENT_COLOR_NAME = AccentColor;
				CODE_SIGN_ENTITLEMENTS = ProtoDM/ProtoDM.entitlements;
				CODE_SIGN_STYLE = Automatic;
				CURRENT_PROJECT_VERSION = 1;
				DEVELOPMENT_ASSET_PATHS = "\"ProtoDM/Preview Content\"";
				DEVELOPMENT_TEAM = 8G6K748QD4;
				ENABLE_HARDENED_RUNTIME = YES;
				ENABLE_PREVIEWS = YES;
				GENERATE_INFOPLIST_FILE = YES;
				INFOPLIST_FILE = ProtoDM/Info.plist;
				"INFOPLIST_KEY_UIApplicationSceneManifest_Generation[sdk=iphoneos*]" = YES;
				"INFOPLIST_KEY_UIApplicationSceneManifest_Generation[sdk=iphonesimulator*]" = YES;
				"INFOPLIST_KEY_UIApplicationSupportsIndirectInputEvents[sdk=iphoneos*]" = YES;
				"INFOPLIST_KEY_UIApplicationSupportsIndirectInputEvents[sdk=iphonesimulator*]" = YES;
				"INFOPLIST_KEY_UILaunchScreen_Generation[sdk=iphoneos*]" = YES;
				"INFOPLIST_KEY_UILaunchScreen_Generation[sdk=iphonesimulator*]" = YES;
				"INFOPLIST_KEY_UIStatusBarStyle[sdk=iphoneos*]" = UIStatusBarStyleDefault;
				"INFOPLIST_KEY_UIStatusBarStyle[sdk=iphonesimulator*]" = UIStatusBarStyleDefault;
				INFOPLIST_KEY_UISupportedInterfaceOrientations_iPad = "UIInterfaceOrientationPortrait UIInterfaceOrientationPortraitUpsideDown UIInterfaceOrientationLandscapeLeft UIInterfaceOrientationLandscapeRight";
				INFOPLIST_KEY_UISupportedInterfaceOrientations_iPhone = "UIInterfaceOrientationPortrait UIInterfaceOrientationLandscapeLeft UIInterfaceOrientationLandscapeRight";
				IPHONEOS_DEPLOYMENT_TARGET = 16.2;
				LD_RUNPATH_SEARCH_PATHS = "@executable_path/Frameworks";
				"LD_RUNPATH_SEARCH_PATHS[sdk=macosx*]" = "@executable_path/../Frameworks";
				MACOSX_DEPLOYMENT_TARGET = 12.6;
				MARKETING_VERSION = 1.0;
				PRODUCT_BUNDLE_IDENTIFIER = com.Po.Alex.ProtoDM;
				PRODUCT_NAME = "$(TARGET_NAME)";
				SDKROOT = auto;
				SUPPORTED_PLATFORMS = "iphoneos iphonesimulator macosx";
				SWIFT_EMIT_LOC_STRINGS = YES;
				SWIFT_VERSION = 5.0;
				TARGETED_DEVICE_FAMILY = "1,2";
			};
			name = Debug;
		};
		1636364129C5E56800BCFC29 /* Release */ = {
			isa = XCBuildConfiguration;
			buildSettings = {
				ASSETCATALOG_COMPILER_APPICON_NAME = AppIcon;
				ASSETCATALOG_COMPILER_GLOBAL_ACCENT_COLOR_NAME = AccentColor;
				CODE_SIGN_ENTITLEMENTS = ProtoDM/ProtoDM.entitlements;
				CODE_SIGN_STYLE = Automatic;
				CURRENT_PROJECT_VERSION = 1;
				DEVELOPMENT_ASSET_PATHS = "\"ProtoDM/Preview Content\"";
				DEVELOPMENT_TEAM = 8G6K748QD4;
				ENABLE_HARDENED_RUNTIME = YES;
				ENABLE_PREVIEWS = YES;
				GENERATE_INFOPLIST_FILE = YES;
				INFOPLIST_FILE = ProtoDM/Info.plist;
				"INFOPLIST_KEY_UIApplicationSceneManifest_Generation[sdk=iphoneos*]" = YES;
				"INFOPLIST_KEY_UIApplicationSceneManifest_Generation[sdk=iphonesimulator*]" = YES;
				"INFOPLIST_KEY_UIApplicationSupportsIndirectInputEvents[sdk=iphoneos*]" = YES;
				"INFOPLIST_KEY_UIApplicationSupportsIndirectInputEvents[sdk=iphonesimulator*]" = YES;
				"INFOPLIST_KEY_UILaunchScreen_Generation[sdk=iphoneos*]" = YES;
				"INFOPLIST_KEY_UILaunchScreen_Generation[sdk=iphonesimulator*]" = YES;
				"INFOPLIST_KEY_UIStatusBarStyle[sdk=iphoneos*]" = UIStatusBarStyleDefault;
				"INFOPLIST_KEY_UIStatusBarStyle[sdk=iphonesimulator*]" = UIStatusBarStyleDefault;
				INFOPLIST_KEY_UISupportedInterfaceOrientations_iPad = "UIInterfaceOrientationPortrait UIInterfaceOrientationPortraitUpsideDown UIInterfaceOrientationLandscapeLeft UIInterfaceOrientationLandscapeRight";
				INFOPLIST_KEY_UISupportedInterfaceOrientations_iPhone = "UIInterfaceOrientationPortrait UIInterfaceOrientationLandscapeLeft UIInterfaceOrientationLandscapeRight";
				IPHONEOS_DEPLOYMENT_TARGET = 16.2;
				LD_RUNPATH_SEARCH_PATHS = "@executable_path/Frameworks";
				"LD_RUNPATH_SEARCH_PATHS[sdk=macosx*]" = "@executable_path/../Frameworks";
				MACOSX_DEPLOYMENT_TARGET = 12.6;
				MARKETING_VERSION = 1.0;
				PRODUCT_BUNDLE_IDENTIFIER = com.Po.Alex.ProtoDM;
				PRODUCT_NAME = "$(TARGET_NAME)";
				SDKROOT = auto;
				SUPPORTED_PLATFORMS = "iphoneos iphonesimulator macosx";
				SWIFT_EMIT_LOC_STRINGS = YES;
				SWIFT_VERSION = 5.0;
				TARGETED_DEVICE_FAMILY = "1,2";
			};
			name = Release;
		};
/* End XCBuildConfiguration section */

/* Begin XCConfigurationList section */
		1636362B29C5E56000BCFC29 /* Build configuration list for PBXProject "ProtoDM" */ = {
			isa = XCConfigurationList;
			buildConfigurations = (
				1636363D29C5E56800BCFC29 /* Debug */,
				1636363E29C5E56800BCFC29 /* Release */,
			);
			defaultConfigurationIsVisible = 0;
			defaultConfigurationName = Release;
		};
		1636363F29C5E56800BCFC29 /* Build configuration list for PBXNativeTarget "ProtoDM" */ = {
			isa = XCConfigurationList;
			buildConfigurations = (
				1636364029C5E56800BCFC29 /* Debug */,
				1636364129C5E56800BCFC29 /* Release */,
			);
			defaultConfigurationIsVisible = 0;
			defaultConfigurationName = Release;
		};
/* End XCConfigurationList section */

/* Begin XCVersionGroup section */
		164E721229C5E8AA00AE7699 /* Main.xcdatamodeld */ = {
			isa = XCVersionGroup;
			children = (
				164E721329C5E8AA00AE7699 /* Main.xcdatamodel */,
			);
			currentVersion = 164E721329C5E8AA00AE7699 /* Main.xcdatamodel */;
			path = Main.xcdatamodeld;
			sourceTree = "<group>";
			versionGroupType = wrapper.xcdatamodel;
		};
/* End XCVersionGroup section */
	};
	rootObject = 1636362829C5E56000BCFC29 /* Project object */;
}
